
Microsoft Visual Studio Solution File, Format Version 12.00
# Visual Studio Version 16
VisualStudioVersion = 16.0.31321.278
MinimumVisualStudioVersion = 10.0.40219.1
Project("{9A19103F-16F7-4668-BE54-9A1E7A4F7556}") = "CoreDemo", "CoreDemo\CoreDemo.csproj", "{9BFC7728-2FD9-4077-970C-D67188BFEC6F}"
EndProject
Project("{9A19103F-16F7-4668-BE54-9A1E7A4F7556}") = "EntityLayer", "EntityLayer\EntityLayer.csproj", "{5C3F962D-3EDC-4469-AF51-CD72DE53B159}"
EndProject
Project("{9A19103F-16F7-4668-BE54-9A1E7A4F7556}") = "DataAccessLayer", "DataAccessLayer\DataAccessLayer.csproj", "{81A87A4D-B99B-435A-851B-1C370A654353}"
EndProject
Project("{9A19103F-16F7-4668-BE54-9A1E7A4F7556}") = "BusinessLayer", "BusinessLayer\BusinessLayer.csproj", "{12839EC7-67E0-4DCE-9193-67EE95A0C2E1}"
EndProject
Project("{9A19103F-16F7-4668-BE54-9A1E7A4F7556}") = "CoreLayer", "CoreLayer\CoreLayer.csproj", "{61025C36-A55A-4D0A-A056-DF8A55627139}"
EndProject
Project("{FAE04EC0-301F-11D3-BF4B-00C04F79EFBC}") = "BlogApiDemo", "BlogApiDemo\BlogApiDemo.csproj", "{CE9013BF-3D5C-4E68-BA30-0A9A3BFF0111}"
EndProject
Global
	GlobalSection(SolutionConfigurationPlatforms) = preSolution
		Debug|Any CPU = Debug|Any CPU
		Release|Any CPU = Release|Any CPU
	EndGlobalSection
	GlobalSection(ProjectConfigurationPlatforms) = postSolution
		{9BFC7728-2FD9-4077-970C-D67188BFEC6F}.Debug|Any CPU.ActiveCfg = Debug|Any CPU
		{9BFC7728-2FD9-4077-970C-D67188BFEC6F}.Debug|Any CPU.Build.0 = Debug|Any CPU
		{9BFC7728-2FD9-4077-970C-D67188BFEC6F}.Release|Any CPU.ActiveCfg = Release|Any CPU
		{9BFC7728-2FD9-4077-970C-D67188BFEC6F}.Release|Any CPU.Build.0 = Release|Any CPU
		{5C3F962D-3EDC-4469-AF51-CD72DE53B159}.Debug|Any CPU.ActiveCfg = Debug|Any CPU
		{5C3F962D-3EDC-4469-AF51-CD72DE53B159}.Debug|Any CPU.Build.0 = Debug|Any CPU
		{5C3F962D-3EDC-4469-AF51-CD72DE53B159}.Release|Any CPU.ActiveCfg = Release|Any CPU
		{5C3F962D-3EDC-4469-AF51-CD72DE53B159}.Release|Any CPU.Build.0 = Release|Any CPU
		{81A87A4D-B99B-435A-851B-1C370A654353}.Debug|Any CPU.ActiveCfg = Debug|Any CPU
		{81A87A4D-B99B-435A-851B-1C370A654353}.Debug|Any CPU.Build.0 = Debug|Any CPU
		{81A87A4D-B99B-435A-851B-1C370A654353}.Release|Any CPU.ActiveCfg = Release|Any CPU
		{81A87A4D-B99B-435A-851B-1C370A654353}.Release|Any CPU.Build.0 = Release|Any CPU
		{12839EC7-67E0-4DCE-9193-67EE95A0C2E1}.Debug|Any CPU.ActiveCfg = Debug|Any CPU
		{12839EC7-67E0-4DCE-9193-67EE95A0C2E1}.Debug|Any CPU.Build.0 = Debug|Any CPU
		{12839EC7-67E0-4DCE-9193-67EE95A0C2E1}.Release|Any CPU.ActiveCfg = Release|Any CPU
		{12839EC7-67E0-4DCE-9193-67EE95A0C2E1}.Release|Any CPU.Build.0 = Release|Any CPU
		{61025C36-A55A-4D0A-A056-DF8A55627139}.Debug|Any CPU.ActiveCfg = Debug|Any CPU
		{61025C36-A55A-4D0A-A056-DF8A55627139}.Debug|Any CPU.Build.0 = Debug|Any CPU
		{61025C36-A55A-4D0A-A056-DF8A55627139}.Release|Any CPU.ActiveCfg = Release|Any CPU
		{61025C36-A55A-4D0A-A056-DF8A55627139}.Release|Any CPU.Build.0 = Release|Any CPU
		{CE9013BF-3D5C-4E68-BA30-0A9A3BFF0111}.Debug|Any CPU.ActiveCfg = Debug|Any CPU
		{CE9013BF-3D5C-4E68-BA30-0A9A3BFF0111}.Debug|Any CPU.Build.0 = Debug|Any CPU
		{CE9013BF-3D5C-4E68-BA30-0A9A3BFF0111}.Release|Any CPU.ActiveCfg = Release|Any CPU
		{CE9013BF-3D5C-4E68-BA30-0A9A3BFF0111}.Release|Any CPU.Build.0 = Release|Any CPU
	EndGlobalSection
	GlobalSection(SolutionProperties) = preSolution
		HideSolutionNode = FALSE
	EndGlobalSection
	GlobalSection(ExtensibilityGlobals) = postSolution
		SolutionGuid = {D7A0A8E0-72E4-4A85-B33A-5D11357E3A86}
	EndGlobalSection
EndGlobal
